{
  "name": "text-integrity",
  "version": "1.0.0",
  "lockfileVersion": 3,
  "requires": true,
  "packages": {
    "": {
      "name": "text-integrity",
      "version": "1.0.0",
      "license": "Apache-2.0",
      "dependencies": {
        "punycode": "2.3.1",
        "tr46": "6.0.0"
      },
      "bin": {
        "text-integrity": "bin/text-integrity.js",
        "text-integrity-mcp": "bin/text-integrity-mcp.js"
      },
      "engines": {
        "node": ">=22.22.1 <23 || >=24.20.0 <25 || >=26.8.1 <27"
      }
    },
    "node_modules/punycode": {
      "version": "2.3.1",
      "resolved": "https://registry.npmjs.org/punycode/-/punycode-2.3.1.tgz",
      "integrity": "sha512-vYt7UD1U9Wg6138shLtLOvdAu+8DsC/ilFtEVHcH+wydcSpNE20AfSOduf6MkRFahL5FY7X1oU7nKVZFtfq8Fg==",
      "license": "MIT",
      "engines": {
        "node": ">=6"
      }
    },
    "node_modules/tr46": {
      "version": "6.0.0",
      "resolved": "https://registry.npmjs.org/tr46/-/tr46-6.0.0.tgz",
      "integrity": "sha512-bLVMLPtstlZ4iMQHpFHTR7GAGj2jxi8Dg0s2h2MafAE4uSWF98FC/3MomU51iQAMf8/qDUbKWf5GxuvvVcXEhw==",
      "license": "MIT",
      "dependencies": {
        "punycode": "^2.3.1"
      },
      "engines": {
        "node": ">=20"
      }
    }
  }
}
